
Microsoft Visual Studio Solution File, Format Version 12.00
# Visual Studio Version 16
VisualStudioVersion = 16.0.31624.102
MinimumVisualStudioVersion = 10.0.40219.1
Project("{FAE04EC0-301F-11D3-BF4B-00C04F79EFBC}") = "PhoneBook", "PhoneBook\PhoneBook.csproj", "{35C304BA-53FC-4FCC-A4FE-9894A2728AF7}"
EndProject
Global
	GlobalSection(SolutionConfigurationPlatforms) = preSolution
		Debug|Any CPU = Debug|Any CPU
		Release|Any CPU = Release|Any CPU
	EndGlobalSection
	GlobalSection(ProjectConfigurationPlatforms) = postSolution
		{35C304BA-53FC-4FCC-A4FE-9894A2728AF7}.Debug|Any CPU.ActiveCfg = Debug|Any CPU
		{35C304BA-53FC-4FCC-A4FE-9894A2728AF7}.Debug|Any CPU.Build.0 = Debug|Any CPU
		{35C304BA-53FC-4FCC-A4FE-9894A2728AF7}.Release|Any CPU.ActiveCfg = Release|Any CPU
		{35C304BA-53FC-4FCC-A4FE-9894A2728AF7}.Release|Any CPU.Build.0 = Release|Any CPU
	EndGlobalSection
	GlobalSection(SolutionProperties) = preSolution
		HideSolutionNode = FALSE
	EndGlobalSection
	GlobalSection(ExtensibilityGlobals) = postSolution
		SolutionGuid = {90E24518-D7F8-4508-9EAA-2ED1BB5184F6}
	EndGlobalSection
EndGlobal
